
Microsoft Visual Studio Solution File, Format Version 12.00
# Visual Studio 14
VisualStudioVersion = 14.0.25420.1
MinimumVisualStudioVersion = 10.0.40219.1
Project("{FAE04EC0-301F-11D3-BF4B-00C04F79EFBC}") = "Client", "Client\Client.csproj", "{8A3A1763-D323-4A38-AA38-F4AD63D99671}"
EndProject
Project("{FAE04EC0-301F-11D3-BF4B-00C04F79EFBC}") = "OpenXML.Excel.Export", "OpenXML.Excel.Export\OpenXML.Excel.Export.csproj", "{6B7567CE-4F35-43BC-ABD7-D79A41351CCF}"
EndProject
Project("{FAE04EC0-301F-11D3-BF4B-00C04F79EFBC}") = "Data", "Data\Data.csproj", "{EE0075CE-9BC6-40E7-BF9A-EEA3CF3E294D}"
EndProject
Project("{FAE04EC0-301F-11D3-BF4B-00C04F79EFBC}") = "Excel.Export.Core", "Excel.Export.Core\Excel.Export.Core.csproj", "{7FACD968-2F58-4F9F-84C4-216AF37102DC}"
EndProject
Project("{2150E333-8FDC-42A3-9474-1A3956D46DE8}") = "Assets", "Assets", "{58A13ECF-462B-4D39-A9DA-3459C6EB3C02}"
	ProjectSection(SolutionItems) = preProject
		ProjectStructure.PNG = ProjectStructure.PNG
		SampleExcelFile.PNG = SampleExcelFile.PNG
	EndProjectSection
EndProject
Global
	GlobalSection(SolutionConfigurationPlatforms) = preSolution
		Debug|Any CPU = Debug|Any CPU
		Release|Any CPU = Release|Any CPU
	EndGlobalSection
	GlobalSection(ProjectConfigurationPlatforms) = postSolution
		{8A3A1763-D323-4A38-AA38-F4AD63D99671}.Debug|Any CPU.ActiveCfg = Debug|Any CPU
		{8A3A1763-D323-4A38-AA38-F4AD63D99671}.Debug|Any CPU.Build.0 = Debug|Any CPU
		{8A3A1763-D323-4A38-AA38-F4AD63D99671}.Release|Any CPU.ActiveCfg = Release|Any CPU
		{8A3A1763-D323-4A38-AA38-F4AD63D99671}.Release|Any CPU.Build.0 = Release|Any CPU
		{6B7567CE-4F35-43BC-ABD7-D79A41351CCF}.Debug|Any CPU.ActiveCfg = Debug|Any CPU
		{6B7567CE-4F35-43BC-ABD7-D79A41351CCF}.Debug|Any CPU.Build.0 = Debug|Any CPU
		{6B7567CE-4F35-43BC-ABD7-D79A41351CCF}.Release|Any CPU.ActiveCfg = Release|Any CPU
		{6B7567CE-4F35-43BC-ABD7-D79A41351CCF}.Release|Any CPU.Build.0 = Release|Any CPU
		{EE0075CE-9BC6-40E7-BF9A-EEA3CF3E294D}.Debug|Any CPU.ActiveCfg = Debug|Any CPU
		{EE0075CE-9BC6-40E7-BF9A-EEA3CF3E294D}.Debug|Any CPU.Build.0 = Debug|Any CPU
		{EE0075CE-9BC6-40E7-BF9A-EEA3CF3E294D}.Release|Any CPU.ActiveCfg = Release|Any CPU
		{EE0075CE-9BC6-40E7-BF9A-EEA3CF3E294D}.Release|Any CPU.Build.0 = Release|Any CPU
		{7FACD968-2F58-4F9F-84C4-216AF37102DC}.Debug|Any CPU.ActiveCfg = Debug|Any CPU
		{7FACD968-2F58-4F9F-84C4-216AF37102DC}.Debug|Any CPU.Build.0 = Debug|Any CPU
		{7FACD968-2F58-4F9F-84C4-216AF37102DC}.Release|Any CPU.ActiveCfg = Release|Any CPU
		{7FACD968-2F58-4F9F-84C4-216AF37102DC}.Release|Any CPU.Build.0 = Release|Any CPU
	EndGlobalSection
	GlobalSection(SolutionProperties) = preSolution
		HideSolutionNode = FALSE
	EndGlobalSection
	GlobalSection(ExtensibilityGlobals) = postSolution
		SolutionGuid = {9B08D1B3-4C18-4777-A211-B84F3A7BEB59}
	EndGlobalSection
EndGlobal
